
Microsoft Visual Studio Solution File, Format Version 12.00
# Visual Studio Version 17
VisualStudioVersion = 17.5.33414.496
MinimumVisualStudioVersion = 10.0.40219.1
Project("{FAE04EC0-301F-11D3-BF4B-00C04F79EFBC}") = "pryEmilianoFernandezEtapa3", "pryEmilianoFernandezEtapa3.csproj", "{D584EF1B-6147-460B-AC5A-D487F372E656}"
EndProject
Global
	GlobalSection(SolutionConfigurationPlatforms) = preSolution
		Debug|Any CPU = Debug|Any CPU
		Release|Any CPU = Release|Any CPU
	EndGlobalSection
	GlobalSection(ProjectConfigurationPlatforms) = postSolution
		{D584EF1B-6147-460B-AC5A-D487F372E656}.Debug|Any CPU.ActiveCfg = Debug|Any CPU
		{D584EF1B-6147-460B-AC5A-D487F372E656}.Debug|Any CPU.Build.0 = Debug|Any CPU
		{D584EF1B-6147-460B-AC5A-D487F372E656}.Release|Any CPU.ActiveCfg = Release|Any CPU
		{D584EF1B-6147-460B-AC5A-D487F372E656}.Release|Any CPU.Build.0 = Release|Any CPU
	EndGlobalSection
	GlobalSection(SolutionProperties) = preSolution
		HideSolutionNode = FALSE
	EndGlobalSection
	GlobalSection(ExtensibilityGlobals) = postSolution
		SolutionGuid = {EE480C83-34AB-42AC-8C30-55F879DE68F1}
	EndGlobalSection
EndGlobal
